// !$*UTF8*$!
{
	archiveVersion = 1;
	classes = {
	};
	objectVersion = 70;
	objects = {

/* Begin PBXBuildFile section */
		21E299113ADE888E9F904A18 /* libPods-EATAR-EATARUITests.a in Frameworks */ = {isa = PBXBuildFile; fileRef = B4A381D6391C88677302D1C9 /* libPods-EATAR-EATARUITests.a */; };
		44E4228C5275926668C2EF14 /* libPods-EATARTests.a in Frameworks */ = {isa = PBXBuildFile; fileRef = 59DD1EF55BB8A73BFD7A9D4A /* libPods-EATARTests.a */; };
		67A2142721C49DF54229E467 /* libPods-EATAR.a in Frameworks */ = {isa = PBXBuildFile; fileRef = CA1A3898BC126A8F3D3AF2AB /* libPods-EATAR.a */; };
		6C59D74B2CF2D6A3005A1CDD /* FirebaseAuth in Frameworks */ = {isa = PBXBuildFile; productRef = 6C59D74A2CF2D6A3005A1CDD /* FirebaseAuth */; };
		6C59D74D2CF2D6A3005A1CDD /* FirebaseCore in Frameworks */ = {isa = PBXBuildFile; productRef = 6C59D74C2CF2D6A3005A1CDD /* FirebaseCore */; };
		6C59D74F2CF2D6A3005A1CDD /* FirebaseFirestore in Frameworks */ = {isa = PBXBuildFile; productRef = 6C59D74E2CF2D6A3005A1CDD /* FirebaseFirestore */; };
		A90EAE602CF7FA0E00AA05FD /* LocationManager.swift in Sources */ = {isa = PBXBuildFile; fileRef = A90EAE5F2CF7FA0A00AA05FD /* LocationManager.swift */; };
		A90EAE622CF7FF3300AA05FD /* UpdateProfileReminder.swift in Sources */ = {isa = PBXBuildFile; fileRef = A90EAE612CF7FF2700AA05FD /* UpdateProfileReminder.swift */; };
		A90EAE642CF81ADB00AA05FD /* PhotoManager.swift in Sources */ = {isa = PBXBuildFile; fileRef = A90EAE632CF81AD300AA05FD /* PhotoManager.swift */; };
		A912BA2E2CF7F27C00DF169C /* ProfileEditionViewController.swift in Sources */ = {isa = PBXBuildFile; fileRef = A912BA282CF7F27C00DF169C /* ProfileEditionViewController.swift */; };
		A912BA2F2CF7F27C00DF169C /* ProfileDetailViewController.swift in Sources */ = {isa = PBXBuildFile; fileRef = A912BA272CF7F27C00DF169C /* ProfileDetailViewController.swift */; };
		A912BA302CF7F27C00DF169C /* ProfileDetail.swift in Sources */ = {isa = PBXBuildFile; fileRef = A912BA2A2CF7F27C00DF169C /* ProfileDetail.swift */; };
		A912BA312CF7F27C00DF169C /* ProfileEdition.swift in Sources */ = {isa = PBXBuildFile; fileRef = A912BA2B2CF7F27C00DF169C /* ProfileEdition.swift */; };
		A912BA9B2CF7F49500DF169C /* Main.storyboard in Resources */ = {isa = PBXBuildFile; fileRef = A912BA992CF7F49500DF169C /* Main.storyboard */; };
		A912BA9C2CF7F49500DF169C /* LaunchScreen.storyboard in Resources */ = {isa = PBXBuildFile; fileRef = A912BA972CF7F49500DF169C /* LaunchScreen.storyboard */; };
		A912BA9E2CF7F4A500DF169C /* GoogleService-Info.plist in Resources */ = {isa = PBXBuildFile; fileRef = A912BA9D2CF7F4A500DF169C /* GoogleService-Info.plist */; };
		A912BAA32CF7F4AD00DF169C /* HomeScreenView.swift in Sources */ = {isa = PBXBuildFile; fileRef = A912BAA02CF7F4AD00DF169C /* HomeScreenView.swift */; };
		A912BAA42CF7F4AD00DF169C /* ExperienceTableViewCell.swift in Sources */ = {isa = PBXBuildFile; fileRef = A912BA9F2CF7F4AD00DF169C /* ExperienceTableViewCell.swift */; };
		A912BAA52CF7F4AD00DF169C /* HomeScreenViewController.swift in Sources */ = {isa = PBXBuildFile; fileRef = A912BAA12CF7F4AD00DF169C /* HomeScreenViewController.swift */; };
		A912BAA82CF7F4B700DF169C /* PostManager.swift in Sources */ = {isa = PBXBuildFile; fileRef = A912BAA62CF7F4B700DF169C /* PostManager.swift */; };
		A912BAAC2CF7F4BF00DF169C /* DiningPost.swift in Sources */ = {isa = PBXBuildFile; fileRef = A912BAA92CF7F4BF00DF169C /* DiningPost.swift */; };
		A912BAAD2CF7F4BF00DF169C /* Review.swift in Sources */ = {isa = PBXBuildFile; fileRef = A912BAAA2CF7F4BF00DF169C /* Review.swift */; };
		A912BAB12CF7F4C800DF169C /* MyExperienceScreenViewController.swift in Sources */ = {isa = PBXBuildFile; fileRef = A912BAAF2CF7F4C800DF169C /* MyExperienceScreenViewController.swift */; };
		A912BAB22CF7F4C800DF169C /* MyExperienceScreenView.swift in Sources */ = {isa = PBXBuildFile; fileRef = A912BAAE2CF7F4C800DF169C /* MyExperienceScreenView.swift */; };
		A912BAB52CF7F4DE00DF169C /* MenuView.swift in Sources */ = {isa = PBXBuildFile; fileRef = A912BAB32CF7F4DE00DF169C /* MenuView.swift */; };
		A9657E2B2CD44D3500ED9945 /* AppDelegate.swift in Sources */ = {isa = PBXBuildFile; fileRef = A9657E2A2CD44D3500ED9945 /* AppDelegate.swift */; };
		A9657E2D2CD44D3500ED9945 /* SceneDelegate.swift in Sources */ = {isa = PBXBuildFile; fileRef = A9657E2C2CD44D3500ED9945 /* SceneDelegate.swift */; };
		A9657E2F2CD44D3500ED9945 /* ViewController.swift in Sources */ = {isa = PBXBuildFile; fileRef = A9657E2E2CD44D3500ED9945 /* ViewController.swift */; };
		A9657E322CD44D3500ED9945 /* Base in Resources */ = {isa = PBXBuildFile; fileRef = A9657E312CD44D3500ED9945 /* Base */; };
		A9657E342CD44D3600ED9945 /* Assets.xcassets in Resources */ = {isa = PBXBuildFile; fileRef = A9657E332CD44D3600ED9945 /* Assets.xcassets */; };
		A9657E422CD44D3600ED9945 /* EATARTests.swift in Sources */ = {isa = PBXBuildFile; fileRef = A9657E412CD44D3600ED9945 /* EATARTests.swift */; };
		A9657E4C2CD44D3700ED9945 /* EATARUITests.swift in Sources */ = {isa = PBXBuildFile; fileRef = A9657E4B2CD44D3700ED9945 /* EATARUITests.swift */; };
		A9657E4E2CD44D3700ED9945 /* EATARUITestsLaunchTests.swift in Sources */ = {isa = PBXBuildFile; fileRef = A9657E4D2CD44D3700ED9945 /* EATARUITestsLaunchTests.swift */; };
/* End PBXBuildFile section */

/* Begin PBXContainerItemProxy section */
		A9657E3E2CD44D3600ED9945 /* PBXContainerItemProxy */ = {
			isa = PBXContainerItemProxy;
			containerPortal = A9657E1F2CD44D3400ED9945 /* Project object */;
			proxyType = 1;
			remoteGlobalIDString = A9657E262CD44D3500ED9945;
			remoteInfo = EATAR;
		};
		A9657E482CD44D3700ED9945 /* PBXContainerItemProxy */ = {
			isa = PBXContainerItemProxy;
			containerPortal = A9657E1F2CD44D3400ED9945 /* Project object */;
			proxyType = 1;
			remoteGlobalIDString = A9657E262CD44D3500ED9945;
			remoteInfo = EATAR;
		};
/* End PBXContainerItemProxy section */

/* Begin PBXFileReference section */
		16CF64982CF67E0400CD4AC0 /* CreatePostView.swift */ = {isa = PBXFileReference; lastKnownFileType = sourcecode.swift; path = CreatePostView.swift; sourceTree = "<group>"; };
		16CF649A2CF67E7D00CD4AC0 /* JoinPostView.swift */ = {isa = PBXFileReference; lastKnownFileType = sourcecode.swift; path = JoinPostView.swift; sourceTree = "<group>"; };
		16CF649C2CF67EA300CD4AC0 /* EditPostView.swift */ = {isa = PBXFileReference; lastKnownFileType = sourcecode.swift; path = EditPostView.swift; sourceTree = "<group>"; };
		16CF649E2CF67F1000CD4AC0 /* ReviewView.swift */ = {isa = PBXFileReference; lastKnownFileType = sourcecode.swift; path = ReviewView.swift; sourceTree = "<group>"; };
		16CF64AA2CF6871F00CD4AC0 /* ReviewViewController.swift */ = {isa = PBXFileReference; lastKnownFileType = sourcecode.swift; path = ReviewViewController.swift; sourceTree = "<group>"; };
		16CF64AC2CF688FF00CD4AC0 /* CreatePostViewController.swift */ = {isa = PBXFileReference; lastKnownFileType = sourcecode.swift; path = CreatePostViewController.swift; sourceTree = "<group>"; };
		16CF64B32CF68BD300CD4AC0 /* EditPostViewController.swift */ = {isa = PBXFileReference; lastKnownFileType = sourcecode.swift; path = EditPostViewController.swift; sourceTree = "<group>"; };
		16CF64B52CF68C1B00CD4AC0 /* JoinPostViewController.swift */ = {isa = PBXFileReference; lastKnownFileType = sourcecode.swift; path = JoinPostViewController.swift; sourceTree = "<group>"; };
		1A256E711AB0421BE9357017 /* Pods-EATAR.release.xcconfig */ = {isa = PBXFileReference; includeInIndex = 1; lastKnownFileType = text.xcconfig; name = "Pods-EATAR.release.xcconfig"; path = "Target Support Files/Pods-EATAR/Pods-EATAR.release.xcconfig"; sourceTree = "<group>"; };
		3494C0011A27BE997AB80AE1 /* Pods-EATAR-EATARUITests.release.xcconfig */ = {isa = PBXFileReference; includeInIndex = 1; lastKnownFileType = text.xcconfig; name = "Pods-EATAR-EATARUITests.release.xcconfig"; path = "Target Support Files/Pods-EATAR-EATARUITests/Pods-EATAR-EATARUITests.release.xcconfig"; sourceTree = "<group>"; };
		59DD1EF55BB8A73BFD7A9D4A /* libPods-EATARTests.a */ = {isa = PBXFileReference; explicitFileType = archive.ar; includeInIndex = 0; path = "libPods-EATARTests.a"; sourceTree = BUILT_PRODUCTS_DIR; };
		6C59D7502CF2ED60005A1CDD /* GoogleService-Info.plist */ = {isa = PBXFileReference; lastKnownFileType = text.plist.xml; path = "GoogleService-Info.plist"; sourceTree = "<group>"; };
		752CE158009287938DF39C39 /* Pods-EATAR.debug.xcconfig */ = {isa = PBXFileReference; includeInIndex = 1; lastKnownFileType = text.xcconfig; name = "Pods-EATAR.debug.xcconfig"; path = "Target Support Files/Pods-EATAR/Pods-EATAR.debug.xcconfig"; sourceTree = "<group>"; };
		A90EAE5F2CF7FA0A00AA05FD /* LocationManager.swift */ = {isa = PBXFileReference; lastKnownFileType = sourcecode.swift; path = LocationManager.swift; sourceTree = "<group>"; };
		A90EAE612CF7FF2700AA05FD /* UpdateProfileReminder.swift */ = {isa = PBXFileReference; lastKnownFileType = sourcecode.swift; path = UpdateProfileReminder.swift; sourceTree = "<group>"; };
		A90EAE632CF81AD300AA05FD /* PhotoManager.swift */ = {isa = PBXFileReference; lastKnownFileType = sourcecode.swift; path = PhotoManager.swift; sourceTree = "<group>"; };
		A912BA272CF7F27C00DF169C /* ProfileDetailViewController.swift */ = {isa = PBXFileReference; lastKnownFileType = sourcecode.swift; path = ProfileDetailViewController.swift; sourceTree = "<group>"; };
		A912BA282CF7F27C00DF169C /* ProfileEditionViewController.swift */ = {isa = PBXFileReference; lastKnownFileType = sourcecode.swift; path = ProfileEditionViewController.swift; sourceTree = "<group>"; };
		A912BA2A2CF7F27C00DF169C /* ProfileDetail.swift */ = {isa = PBXFileReference; lastKnownFileType = sourcecode.swift; path = ProfileDetail.swift; sourceTree = "<group>"; };
		A912BA2B2CF7F27C00DF169C /* ProfileEdition.swift */ = {isa = PBXFileReference; lastKnownFileType = sourcecode.swift; path = ProfileEdition.swift; sourceTree = "<group>"; };
		A912BA962CF7F49500DF169C /* Base */ = {isa = PBXFileReference; lastKnownFileType = file.storyboard; name = Base; path = LaunchScreen.storyboard; sourceTree = "<group>"; };
		A912BA982CF7F49500DF169C /* Base */ = {isa = PBXFileReference; lastKnownFileType = file.storyboard; name = Base; path = Main.storyboard; sourceTree = "<group>"; };
		A912BA9D2CF7F4A500DF169C /* GoogleService-Info.plist */ = {isa = PBXFileReference; lastKnownFileType = text.plist.xml; path = "GoogleService-Info.plist"; sourceTree = "<group>"; };
		A912BA9F2CF7F4AD00DF169C /* ExperienceTableViewCell.swift */ = {isa = PBXFileReference; lastKnownFileType = sourcecode.swift; path = ExperienceTableViewCell.swift; sourceTree = "<group>"; };
		A912BAA02CF7F4AD00DF169C /* HomeScreenView.swift */ = {isa = PBXFileReference; lastKnownFileType = sourcecode.swift; path = HomeScreenView.swift; sourceTree = "<group>"; };
		A912BAA12CF7F4AD00DF169C /* HomeScreenViewController.swift */ = {isa = PBXFileReference; lastKnownFileType = sourcecode.swift; path = HomeScreenViewController.swift; sourceTree = "<group>"; };
		A912BAA62CF7F4B700DF169C /* PostManager.swift */ = {isa = PBXFileReference; lastKnownFileType = sourcecode.swift; path = PostManager.swift; sourceTree = "<group>"; };
		A912BAA92CF7F4BF00DF169C /* DiningPost.swift */ = {isa = PBXFileReference; lastKnownFileType = sourcecode.swift; path = DiningPost.swift; sourceTree = "<group>"; };
		A912BAAA2CF7F4BF00DF169C /* Review.swift */ = {isa = PBXFileReference; lastKnownFileType = sourcecode.swift; path = Review.swift; sourceTree = "<group>"; };
		A912BAAE2CF7F4C800DF169C /* MyExperienceScreenView.swift */ = {isa = PBXFileReference; lastKnownFileType = sourcecode.swift; path = MyExperienceScreenView.swift; sourceTree = "<group>"; };
		A912BAAF2CF7F4C800DF169C /* MyExperienceScreenViewController.swift */ = {isa = PBXFileReference; lastKnownFileType = sourcecode.swift; path = MyExperienceScreenViewController.swift; sourceTree = "<group>"; };
		A912BAB32CF7F4DE00DF169C /* MenuView.swift */ = {isa = PBXFileReference; lastKnownFileType = sourcecode.swift; path = MenuView.swift; sourceTree = "<group>"; };
		A949F1592CD855C900E49EEC /* ProfileDetail.swift */ = {isa = PBXFileReference; lastKnownFileType = sourcecode.swift; path = ProfileDetail.swift; sourceTree = "<group>"; };
		A949F15B2CD855D900E49EEC /* ProfileEdition.swift */ = {isa = PBXFileReference; lastKnownFileType = sourcecode.swift; path = ProfileEdition.swift; sourceTree = "<group>"; };
		A9657E272CD44D3500ED9945 /* EATAR.app */ = {isa = PBXFileReference; explicitFileType = wrapper.application; includeInIndex = 0; path = EATAR.app; sourceTree = BUILT_PRODUCTS_DIR; };
		A9657E2A2CD44D3500ED9945 /* AppDelegate.swift */ = {isa = PBXFileReference; lastKnownFileType = sourcecode.swift; path = AppDelegate.swift; sourceTree = "<group>"; };
		A9657E2C2CD44D3500ED9945 /* SceneDelegate.swift */ = {isa = PBXFileReference; lastKnownFileType = sourcecode.swift; path = SceneDelegate.swift; sourceTree = "<group>"; };
		A9657E2E2CD44D3500ED9945 /* ViewController.swift */ = {isa = PBXFileReference; lastKnownFileType = sourcecode.swift; path = ViewController.swift; sourceTree = "<group>"; };
		A9657E312CD44D3500ED9945 /* Base */ = {isa = PBXFileReference; lastKnownFileType = file.storyboard; name = Base; path = Base.lproj/Main.storyboard; sourceTree = "<group>"; };
		A9657E332CD44D3600ED9945 /* Assets.xcassets */ = {isa = PBXFileReference; lastKnownFileType = folder.assetcatalog; path = Assets.xcassets; sourceTree = "<group>"; };
		A9657E362CD44D3600ED9945 /* Base */ = {isa = PBXFileReference; lastKnownFileType = file.storyboard; name = Base; path = Base.lproj/LaunchScreen.storyboard; sourceTree = "<group>"; };
		A9657E382CD44D3600ED9945 /* Info.plist */ = {isa = PBXFileReference; lastKnownFileType = text.plist.xml; path = Info.plist; sourceTree = "<group>"; };
		A9657E3D2CD44D3600ED9945 /* EATARTests.xctest */ = {isa = PBXFileReference; explicitFileType = wrapper.cfbundle; includeInIndex = 0; path = EATARTests.xctest; sourceTree = BUILT_PRODUCTS_DIR; };
		A9657E412CD44D3600ED9945 /* EATARTests.swift */ = {isa = PBXFileReference; lastKnownFileType = sourcecode.swift; path = EATARTests.swift; sourceTree = "<group>"; };
		A9657E472CD44D3700ED9945 /* EATARUITests.xctest */ = {isa = PBXFileReference; explicitFileType = wrapper.cfbundle; includeInIndex = 0; path = EATARUITests.xctest; sourceTree = BUILT_PRODUCTS_DIR; };
		A9657E4B2CD44D3700ED9945 /* EATARUITests.swift */ = {isa = PBXFileReference; lastKnownFileType = sourcecode.swift; path = EATARUITests.swift; sourceTree = "<group>"; };
		A9657E4D2CD44D3700ED9945 /* EATARUITestsLaunchTests.swift */ = {isa = PBXFileReference; lastKnownFileType = sourcecode.swift; path = EATARUITestsLaunchTests.swift; sourceTree = "<group>"; };
		B4A381D6391C88677302D1C9 /* libPods-EATAR-EATARUITests.a */ = {isa = PBXFileReference; explicitFileType = archive.ar; includeInIndex = 0; path = "libPods-EATAR-EATARUITests.a"; sourceTree = BUILT_PRODUCTS_DIR; };
		CA1A3898BC126A8F3D3AF2AB /* libPods-EATAR.a */ = {isa = PBXFileReference; explicitFileType = archive.ar; includeInIndex = 0; path = "libPods-EATAR.a"; sourceTree = BUILT_PRODUCTS_DIR; };
		D114D38FAB85FD087E78EB37 /* Pods-EATARTests.release.xcconfig */ = {isa = PBXFileReference; includeInIndex = 1; lastKnownFileType = text.xcconfig; name = "Pods-EATARTests.release.xcconfig"; path = "Target Support Files/Pods-EATARTests/Pods-EATARTests.release.xcconfig"; sourceTree = "<group>"; };
		D76D60132CF6BA8A00A5FC0A /* ExperienceTableViewCell.swift */ = {isa = PBXFileReference; lastKnownFileType = sourcecode.swift; path = ExperienceTableViewCell.swift; sourceTree = "<group>"; };
		D76D60142CF6BA8A00A5FC0A /* HomeScreenView.swift */ = {isa = PBXFileReference; lastKnownFileType = sourcecode.swift; path = HomeScreenView.swift; sourceTree = "<group>"; };
		D76D60152CF6BA8A00A5FC0A /* HomeScreenViewController.swift */ = {isa = PBXFileReference; lastKnownFileType = sourcecode.swift; path = HomeScreenViewController.swift; sourceTree = "<group>"; };
		D76D601A2CF6BA9400A5FC0A /* MyExperienceScreenView.swift */ = {isa = PBXFileReference; lastKnownFileType = sourcecode.swift; path = MyExperienceScreenView.swift; sourceTree = "<group>"; };
		D76D601B2CF6BA9400A5FC0A /* MyExperienceScreenViewController.swift */ = {isa = PBXFileReference; lastKnownFileType = sourcecode.swift; path = MyExperienceScreenViewController.swift; sourceTree = "<group>"; };
		DF1F5E7C8934A6CD423BB718 /* Pods-EATAR-EATARUITests.debug.xcconfig */ = {isa = PBXFileReference; includeInIndex = 1; lastKnownFileType = text.xcconfig; name = "Pods-EATAR-EATARUITests.debug.xcconfig"; path = "Target Support Files/Pods-EATAR-EATARUITests/Pods-EATAR-EATARUITests.debug.xcconfig"; sourceTree = "<group>"; };
		F6129BE2B0E243EBFB1B0C70 /* Pods-EATARTests.debug.xcconfig */ = {isa = PBXFileReference; includeInIndex = 1; lastKnownFileType = text.xcconfig; name = "Pods-EATARTests.debug.xcconfig"; path = "Target Support Files/Pods-EATARTests/Pods-EATARTests.debug.xcconfig"; sourceTree = "<group>"; };
/* End PBXFileReference section */

/* Begin PBXFileSystemSynchronizedRootGroup section */
		6CA4FA482CDB5A120085FDCD /* Auth */ = {isa = PBXFileSystemSynchronizedRootGroup; explicitFileTypes = {}; explicitFolders = (); path = Auth; sourceTree = "<group>"; };
/* End PBXFileSystemSynchronizedRootGroup section */

/* Begin PBXFrameworksBuildPhase section */
		A9657E242CD44D3500ED9945 /* Frameworks */ = {
			isa = PBXFrameworksBuildPhase;
			buildActionMask = 2147483647;
			files = (
				67A2142721C49DF54229E467 /* libPods-EATAR.a in Frameworks */,
				6C59D74F2CF2D6A3005A1CDD /* FirebaseFirestore in Frameworks */,
				6C59D74D2CF2D6A3005A1CDD /* FirebaseCore in Frameworks */,
				6C59D74B2CF2D6A3005A1CDD /* FirebaseAuth in Frameworks */,
			);
			runOnlyForDeploymentPostprocessing = 0;
		};
		A9657E3A2CD44D3600ED9945 /* Frameworks */ = {
			isa = PBXFrameworksBuildPhase;
			buildActionMask = 2147483647;
			files = (
				44E4228C5275926668C2EF14 /* libPods-EATARTests.a in Frameworks */,
			);
			runOnlyForDeploymentPostprocessing = 0;
		};
		A9657E442CD44D3700ED9945 /* Frameworks */ = {
			isa = PBXFrameworksBuildPhase;
			buildActionMask = 2147483647;
			files = (
				21E299113ADE888E9F904A18 /* libPods-EATAR-EATARUITests.a in Frameworks */,
			);
			runOnlyForDeploymentPostprocessing = 0;
		};
/* End PBXFrameworksBuildPhase section */

/* Begin PBXGroup section */
		16CF64972CF67DEF00CD4AC0 /* Post&Review */ = {
			isa = PBXGroup;
			children = (
				16CF64A92CF6871400CD4AC0 /* Controllers */,
				16CF64A82CF6870500CD4AC0 /* Views */,
			);
			path = "Post&Review";
			sourceTree = "<group>";
		};
		16CF64A82CF6870500CD4AC0 /* Views */ = {
			isa = PBXGroup;
			children = (
				16CF64982CF67E0400CD4AC0 /* CreatePostView.swift */,
				16CF649A2CF67E7D00CD4AC0 /* JoinPostView.swift */,
				16CF649C2CF67EA300CD4AC0 /* EditPostView.swift */,
				16CF649E2CF67F1000CD4AC0 /* ReviewView.swift */,
			);
			path = Views;
			sourceTree = "<group>";
		};
		16CF64A92CF6871400CD4AC0 /* Controllers */ = {
			isa = PBXGroup;
			children = (
				16CF64B52CF68C1B00CD4AC0 /* JoinPostViewController.swift */,
				16CF64AC2CF688FF00CD4AC0 /* CreatePostViewController.swift */,
				16CF64B32CF68BD300CD4AC0 /* EditPostViewController.swift */,
				16CF64AA2CF6871F00CD4AC0 /* ReviewViewController.swift */,
			);
			path = Controllers;
			sourceTree = "<group>";
		};
		2ED2060508368287CFC58028 /* Pods */ = {
			isa = PBXGroup;
			children = (
				752CE158009287938DF39C39 /* Pods-EATAR.debug.xcconfig */,
				1A256E711AB0421BE9357017 /* Pods-EATAR.release.xcconfig */,
				DF1F5E7C8934A6CD423BB718 /* Pods-EATAR-EATARUITests.debug.xcconfig */,
				3494C0011A27BE997AB80AE1 /* Pods-EATAR-EATARUITests.release.xcconfig */,
				F6129BE2B0E243EBFB1B0C70 /* Pods-EATARTests.debug.xcconfig */,
				D114D38FAB85FD087E78EB37 /* Pods-EATARTests.release.xcconfig */,
			);
			path = Pods;
			sourceTree = "<group>";
		};
		3C8CAC1D4C69AFE7AB691513 /* Frameworks */ = {
			isa = PBXGroup;
			children = (
				CA1A3898BC126A8F3D3AF2AB /* libPods-EATAR.a */,
				B4A381D6391C88677302D1C9 /* libPods-EATAR-EATARUITests.a */,
				59DD1EF55BB8A73BFD7A9D4A /* libPods-EATARTests.a */,
			);
			name = Frameworks;
			sourceTree = "<group>";
		};
		A90EAE5E2CF7FA0200AA05FD /* Utils */ = {
			isa = PBXGroup;
			children = (
				A90EAE612CF7FF2700AA05FD /* UpdateProfileReminder.swift */,
				A90EAE5F2CF7FA0A00AA05FD /* LocationManager.swift */,
			);
			path = Utils;
			sourceTree = "<group>";
		};
		A912BA192CF7F22D00DF169C /* Recovered References */ = {
			isa = PBXGroup;
			children = (
				D76D60132CF6BA8A00A5FC0A /* ExperienceTableViewCell.swift */,
				D76D60152CF6BA8A00A5FC0A /* HomeScreenViewController.swift */,
				D76D60142CF6BA8A00A5FC0A /* HomeScreenView.swift */,
				A949F1592CD855C900E49EEC /* ProfileDetail.swift */,
				D76D601B2CF6BA9400A5FC0A /* MyExperienceScreenViewController.swift */,
				D76D601A2CF6BA9400A5FC0A /* MyExperienceScreenView.swift */,
				A949F15B2CD855D900E49EEC /* ProfileEdition.swift */,
				6C59D7502CF2ED60005A1CDD /* GoogleService-Info.plist */,
			);
			name = "Recovered References";
			sourceTree = "<group>";
		};
		A912BA292CF7F27C00DF169C /* Controllers */ = {
			isa = PBXGroup;
			children = (
				A912BA272CF7F27C00DF169C /* ProfileDetailViewController.swift */,
				A912BA282CF7F27C00DF169C /* ProfileEditionViewController.swift */,
				A90EAE632CF81AD300AA05FD /* PhotoManager.swift */,
			);
			path = Controllers;
			sourceTree = "<group>";
		};
		A912BA2C2CF7F27C00DF169C /* Views */ = {
			isa = PBXGroup;
			children = (
				A912BA2A2CF7F27C00DF169C /* ProfileDetail.swift */,
				A912BA2B2CF7F27C00DF169C /* ProfileEdition.swift */,
			);
			path = Views;
			sourceTree = "<group>";
		};
		A912BA2D2CF7F27C00DF169C /* Profile */ = {
			isa = PBXGroup;
			children = (
				A912BA292CF7F27C00DF169C /* Controllers */,
				A912BA2C2CF7F27C00DF169C /* Views */,
			);
			path = Profile;
			sourceTree = "<group>";
		};
		A912BA9A2CF7F49500DF169C /* Base.lproj */ = {
			isa = PBXGroup;
			children = (
				A912BA972CF7F49500DF169C /* LaunchScreen.storyboard */,
				A912BA992CF7F49500DF169C /* Main.storyboard */,
			);
			path = Base.lproj;
			sourceTree = "<group>";
		};
		A912BAA22CF7F4AD00DF169C /* Home Screen */ = {
			isa = PBXGroup;
			children = (
				A912BA9F2CF7F4AD00DF169C /* ExperienceTableViewCell.swift */,
				A912BAA02CF7F4AD00DF169C /* HomeScreenView.swift */,
				A912BAA12CF7F4AD00DF169C /* HomeScreenViewController.swift */,
			);
			path = "Home Screen";
			sourceTree = "<group>";
		};
		A912BAA72CF7F4B700DF169C /* Managers */ = {
			isa = PBXGroup;
			children = (
				A912BAA62CF7F4B700DF169C /* PostManager.swift */,
			);
			path = Managers;
			sourceTree = "<group>";
		};
		A912BAAB2CF7F4BF00DF169C /* Models */ = {
			isa = PBXGroup;
			children = (
				A912BAA92CF7F4BF00DF169C /* DiningPost.swift */,
				A912BAAA2CF7F4BF00DF169C /* Review.swift */,
			);
			path = Models;
			sourceTree = "<group>";
		};
		A912BAB02CF7F4C800DF169C /* My Experience Screen */ = {
			isa = PBXGroup;
			children = (
				A912BAAE2CF7F4C800DF169C /* MyExperienceScreenView.swift */,
				A912BAAF2CF7F4C800DF169C /* MyExperienceScreenViewController.swift */,
			);
			path = "My Experience Screen";
			sourceTree = "<group>";
		};
		A912BAB42CF7F4DE00DF169C /* Side Menu */ = {
			isa = PBXGroup;
			children = (
				A912BAB32CF7F4DE00DF169C /* MenuView.swift */,
			);
			path = "Side Menu";
			sourceTree = "<group>";
		};
		A9657E1E2CD44D3400ED9945 = {
			isa = PBXGroup;
			children = (
				A9657E292CD44D3500ED9945 /* EATAR */,
				A9657E402CD44D3600ED9945 /* EATARTests */,
				A9657E4A2CD44D3700ED9945 /* EATARUITests */,
				A9657E282CD44D3500ED9945 /* Products */,
				2ED2060508368287CFC58028 /* Pods */,
				3C8CAC1D4C69AFE7AB691513 /* Frameworks */,
				A912BA192CF7F22D00DF169C /* Recovered References */,
			);
			sourceTree = "<group>";
		};
		A9657E282CD44D3500ED9945 /* Products */ = {
			isa = PBXGroup;
			children = (
				A9657E272CD44D3500ED9945 /* EATAR.app */,
				A9657E3D2CD44D3600ED9945 /* EATARTests.xctest */,
				A9657E472CD44D3700ED9945 /* EATARUITests.xctest */,
			);
			name = Products;
			sourceTree = "<group>";
		};
		A9657E292CD44D3500ED9945 /* EATAR */ = {
			isa = PBXGroup;
			children = (
				A90EAE5E2CF7FA0200AA05FD /* Utils */,
				A912BAB42CF7F4DE00DF169C /* Side Menu */,
				A912BAB02CF7F4C800DF169C /* My Experience Screen */,
				A912BAAB2CF7F4BF00DF169C /* Models */,
				A912BAA72CF7F4B700DF169C /* Managers */,
				A912BAA22CF7F4AD00DF169C /* Home Screen */,
				A912BA9A2CF7F49500DF169C /* Base.lproj */,
				A912BA2D2CF7F27C00DF169C /* Profile */,
				6CA4FA482CDB5A120085FDCD /* Auth */,
				16CF64972CF67DEF00CD4AC0 /* Post&Review */,
				A9657E2A2CD44D3500ED9945 /* AppDelegate.swift */,
				A912BA9D2CF7F4A500DF169C /* GoogleService-Info.plist */,
				A9657E2C2CD44D3500ED9945 /* SceneDelegate.swift */,
				A9657E302CD44D3500ED9945 /* Main.storyboard */,
				A9657E2E2CD44D3500ED9945 /* ViewController.swift */,
				A9657E332CD44D3600ED9945 /* Assets.xcassets */,
				A9657E352CD44D3600ED9945 /* LaunchScreen.storyboard */,
				A9657E382CD44D3600ED9945 /* Info.plist */,
			);
			path = EATAR;
			sourceTree = "<group>";
		};
		A9657E402CD44D3600ED9945 /* EATARTests */ = {
			isa = PBXGroup;
			children = (
				A9657E412CD44D3600ED9945 /* EATARTests.swift */,
			);
			path = EATARTests;
			sourceTree = "<group>";
		};
		A9657E4A2CD44D3700ED9945 /* EATARUITests */ = {
			isa = PBXGroup;
			children = (
				A9657E4B2CD44D3700ED9945 /* EATARUITests.swift */,
				A9657E4D2CD44D3700ED9945 /* EATARUITestsLaunchTests.swift */,
			);
			path = EATARUITests;
			sourceTree = "<group>";
		};
/* End PBXGroup section */

/* Begin PBXNativeTarget section */
		A9657E262CD44D3500ED9945 /* EATAR */ = {
			isa = PBXNativeTarget;
			buildConfigurationList = A9657E512CD44D3700ED9945 /* Build configuration list for PBXNativeTarget "EATAR" */;
			buildPhases = (
				C94214B0927F9908A8C570EC /* [CP] Check Pods Manifest.lock */,
				A9657E232CD44D3500ED9945 /* Sources */,
				A9657E242CD44D3500ED9945 /* Frameworks */,
				A9657E252CD44D3500ED9945 /* Resources */,
				9AC7B4030E56BDAA0BD0D792 /* [CP] Copy Pods Resources */,
			);
			buildRules = (
			);
			dependencies = (
			);
			fileSystemSynchronizedGroups = (
				6CA4FA482CDB5A120085FDCD /* Auth */,
			);
			name = EATAR;
			productName = EATAR;
			productReference = A9657E272CD44D3500ED9945 /* EATAR.app */;
			productType = "com.apple.product-type.application";
		};
		A9657E3C2CD44D3600ED9945 /* EATARTests */ = {
			isa = PBXNativeTarget;
			buildConfigurationList = A9657E542CD44D3700ED9945 /* Build configuration list for PBXNativeTarget "EATARTests" */;
			buildPhases = (
				C25F2B3AB772E0A5270CB881 /* [CP] Check Pods Manifest.lock */,
				A9657E392CD44D3600ED9945 /* Sources */,
				A9657E3A2CD44D3600ED9945 /* Frameworks */,
				A9657E3B2CD44D3600ED9945 /* Resources */,
			);
			buildRules = (
			);
			dependencies = (
				A9657E3F2CD44D3600ED9945 /* PBXTargetDependency */,
			);
			name = EATARTests;
			productName = EATARTests;
			productReference = A9657E3D2CD44D3600ED9945 /* EATARTests.xctest */;
			productType = "com.apple.product-type.bundle.unit-test";
		};
		A9657E462CD44D3700ED9945 /* EATARUITests */ = {
			isa = PBXNativeTarget;
			buildConfigurationList = A9657E572CD44D3700ED9945 /* Build configuration list for PBXNativeTarget "EATARUITests" */;
			buildPhases = (
				82B2BA78809EBB5CABDD79E3 /* [CP] Check Pods Manifest.lock */,
				A9657E432CD44D3700ED9945 /* Sources */,
				A9657E442CD44D3700ED9945 /* Frameworks */,
				A9657E452CD44D3700ED9945 /* Resources */,
				CBF26DCF0FB1B65FB06CD713 /* [CP] Copy Pods Resources */,
			);
			buildRules = (
			);
			dependencies = (
				A9657E492CD44D3700ED9945 /* PBXTargetDependency */,
			);
			name = EATARUITests;
			productName = EATARUITests;
			productReference = A9657E472CD44D3700ED9945 /* EATARUITests.xctest */;
			productType = "com.apple.product-type.bundle.ui-testing";
		};
/* End PBXNativeTarget section */

/* Begin PBXProject section */
		A9657E1F2CD44D3400ED9945 /* Project object */ = {
			isa = PBXProject;
			attributes = {
				BuildIndependentTargetsInParallel = 1;
				LastSwiftUpdateCheck = 1540;
				LastUpgradeCheck = 1540;
				TargetAttributes = {
					A9657E262CD44D3500ED9945 = {
						CreatedOnToolsVersion = 15.4;
					};
					A9657E3C2CD44D3600ED9945 = {
						CreatedOnToolsVersion = 15.4;
						TestTargetID = A9657E262CD44D3500ED9945;
					};
					A9657E462CD44D3700ED9945 = {
						CreatedOnToolsVersion = 15.4;
						TestTargetID = A9657E262CD44D3500ED9945;
					};
				};
			};
			buildConfigurationList = A9657E222CD44D3400ED9945 /* Build configuration list for PBXProject "EATAR" */;
			compatibilityVersion = "Xcode 14.0";
			developmentRegion = en;
			hasScannedForEncodings = 0;
			knownRegions = (
				en,
				Base,
			);
			mainGroup = A9657E1E2CD44D3400ED9945;
			packageReferences = (
				6C59D7492CF2D6A3005A1CDD /* XCRemoteSwiftPackageReference "firebase-ios-sdk" */,
			);
			productRefGroup = A9657E282CD44D3500ED9945 /* Products */;
			projectDirPath = "";
			projectRoot = "";
			targets = (
				A9657E262CD44D3500ED9945 /* EATAR */,
				A9657E3C2CD44D3600ED9945 /* EATARTests */,
				A9657E462CD44D3700ED9945 /* EATARUITests */,
			);
		};
/* End PBXProject section */

/* Begin PBXResourcesBuildPhase section */
		A9657E252CD44D3500ED9945 /* Resources */ = {
			isa = PBXResourcesBuildPhase;
			buildActionMask = 2147483647;
			files = (
				A9657E342CD44D3600ED9945 /* Assets.xcassets in Resources */,
				A9657E322CD44D3500ED9945 /* Base in Resources */,
				A912BA9B2CF7F49500DF169C /* Main.storyboard in Resources */,
				A912BA9C2CF7F49500DF169C /* LaunchScreen.storyboard in Resources */,
				A912BA9E2CF7F4A500DF169C /* GoogleService-Info.plist in Resources */,
			);
			runOnlyForDeploymentPostprocessing = 0;
		};
		A9657E3B2CD44D3600ED9945 /* Resources */ = {
			isa = PBXResourcesBuildPhase;
			buildActionMask = 2147483647;
			files = (
			);
			runOnlyForDeploymentPostprocessing = 0;
		};
		A9657E452CD44D3700ED9945 /* Resources */ = {
			isa = PBXResourcesBuildPhase;
			buildActionMask = 2147483647;
			files = (
			);
			runOnlyForDeploymentPostprocessing = 0;
		};
/* End PBXResourcesBuildPhase section */

/* Begin PBXShellScriptBuildPhase section */
		82B2BA78809EBB5CABDD79E3 /* [CP] Check Pods Manifest.lock */ = {
			isa = PBXShellScriptBuildPhase;
			buildActionMask = 2147483647;
			files = (
			);
			inputFileListPaths = (
			);
			inputPaths = (
				"${PODS_PODFILE_DIR_PATH}/Podfile.lock",
				"${PODS_ROOT}/Manifest.lock",
			);
			name = "[CP] Check Pods Manifest.lock";
			outputFileListPaths = (
			);
			outputPaths = (
				"$(DERIVED_FILE_DIR)/Pods-EATAR-EATARUITests-checkManifestLockResult.txt",
			);
			runOnlyForDeploymentPostprocessing = 0;
			shellPath = /bin/sh;
			shellScript = "diff \"${PODS_PODFILE_DIR_PATH}/Podfile.lock\" \"${PODS_ROOT}/Manifest.lock\" > /dev/null\nif [ $? != 0 ] ; then\n    # print error to STDERR\n    echo \"error: The sandbox is not in sync with the Podfile.lock. Run 'pod install' or update your CocoaPods installation.\" >&2\n    exit 1\nfi\n# This output is used by Xcode 'outputs' to avoid re-running this script phase.\necho \"SUCCESS\" > \"${SCRIPT_OUTPUT_FILE_0}\"\n";
			showEnvVarsInLog = 0;
		};
		9AC7B4030E56BDAA0BD0D792 /* [CP] Copy Pods Resources */ = {
			isa = PBXShellScriptBuildPhase;
			buildActionMask = 2147483647;
			files = (
			);
			inputFileListPaths = (
				"${PODS_ROOT}/Target Support Files/Pods-EATAR/Pods-EATAR-resources-${CONFIGURATION}-input-files.xcfilelist",
			);
			name = "[CP] Copy Pods Resources";
			outputFileListPaths = (
				"${PODS_ROOT}/Target Support Files/Pods-EATAR/Pods-EATAR-resources-${CONFIGURATION}-output-files.xcfilelist",
			);
			runOnlyForDeploymentPostprocessing = 0;
			shellPath = /bin/sh;
			shellScript = "\"${PODS_ROOT}/Target Support Files/Pods-EATAR/Pods-EATAR-resources.sh\"\n";
			showEnvVarsInLog = 0;
		};
		C25F2B3AB772E0A5270CB881 /* [CP] Check Pods Manifest.lock */ = {
			isa = PBXShellScriptBuildPhase;
			buildActionMask = 2147483647;
			files = (
			);
			inputFileListPaths = (
			);
			inputPaths = (
				"${PODS_PODFILE_DIR_PATH}/Podfile.lock",
				"${PODS_ROOT}/Manifest.lock",
			);
			name = "[CP] Check Pods Manifest.lock";
			outputFileListPaths = (
			);
			outputPaths = (
				"$(DERIVED_FILE_DIR)/Pods-EATARTests-checkManifestLockResult.txt",
			);
			runOnlyForDeploymentPostprocessing = 0;
			shellPath = /bin/sh;
			shellScript = "diff \"${PODS_PODFILE_DIR_PATH}/Podfile.lock\" \"${PODS_ROOT}/Manifest.lock\" > /dev/null\nif [ $? != 0 ] ; then\n    # print error to STDERR\n    echo \"error: The sandbox is not in sync with the Podfile.lock. Run 'pod install' or update your CocoaPods installation.\" >&2\n    exit 1\nfi\n# This output is used by Xcode 'outputs' to avoid re-running this script phase.\necho \"SUCCESS\" > \"${SCRIPT_OUTPUT_FILE_0}\"\n";
			showEnvVarsInLog = 0;
		};
		C94214B0927F9908A8C570EC /* [CP] Check Pods Manifest.lock */ = {
			isa = PBXShellScriptBuildPhase;
			buildActionMask = 2147483647;
			files = (
			);
			inputFileListPaths = (
			);
			inputPaths = (
				"${PODS_PODFILE_DIR_PATH}/Podfile.lock",
				"${PODS_ROOT}/Manifest.lock",
			);
			name = "[CP] Check Pods Manifest.lock";
			outputFileListPaths = (
			);
			outputPaths = (
				"$(DERIVED_FILE_DIR)/Pods-EATAR-checkManifestLockResult.txt",
			);
			runOnlyForDeploymentPostprocessing = 0;
			shellPath = /bin/sh;
			shellScript = "diff \"${PODS_PODFILE_DIR_PATH}/Podfile.lock\" \"${PODS_ROOT}/Manifest.lock\" > /dev/null\nif [ $? != 0 ] ; then\n    # print error to STDERR\n    echo \"error: The sandbox is not in sync with the Podfile.lock. Run 'pod install' or update your CocoaPods installation.\" >&2\n    exit 1\nfi\n# This output is used by Xcode 'outputs' to avoid re-running this script phase.\necho \"SUCCESS\" > \"${SCRIPT_OUTPUT_FILE_0}\"\n";
			showEnvVarsInLog = 0;
		};
		CBF26DCF0FB1B65FB06CD713 /* [CP] Copy Pods Resources */ = {
			isa = PBXShellScriptBuildPhase;
			buildActionMask = 2147483647;
			files = (
			);
			inputFileListPaths = (
				"${PODS_ROOT}/Target Support Files/Pods-EATAR-EATARUITests/Pods-EATAR-EATARUITests-resources-${CONFIGURATION}-input-files.xcfilelist",
			);
			name = "[CP] Copy Pods Resources";
			outputFileListPaths = (
				"${PODS_ROOT}/Target Support Files/Pods-EATAR-EATARUITests/Pods-EATAR-EATARUITests-resources-${CONFIGURATION}-output-files.xcfilelist",
			);
			runOnlyForDeploymentPostprocessing = 0;
			shellPath = /bin/sh;
			shellScript = "\"${PODS_ROOT}/Target Support Files/Pods-EATAR-EATARUITests/Pods-EATAR-EATARUITests-resources.sh\"\n";
			showEnvVarsInLog = 0;
		};
/* End PBXShellScriptBuildPhase section */

/* Begin PBXSourcesBuildPhase section */
		A9657E232CD44D3500ED9945 /* Sources */ = {
			isa = PBXSourcesBuildPhase;
			buildActionMask = 2147483647;
			files = (
				A9657E2F2CD44D3500ED9945 /* ViewController.swift in Sources */,
				A912BAB12CF7F4C800DF169C /* MyExperienceScreenViewController.swift in Sources */,
				A912BAB22CF7F4C800DF169C /* MyExperienceScreenView.swift in Sources */,
				A912BAA82CF7F4B700DF169C /* PostManager.swift in Sources */,
				A9657E2B2CD44D3500ED9945 /* AppDelegate.swift in Sources */,
				A912BAAC2CF7F4BF00DF169C /* DiningPost.swift in Sources */,
				A912BAAD2CF7F4BF00DF169C /* Review.swift in Sources */,
				A912BA2E2CF7F27C00DF169C /* ProfileEditionViewController.swift in Sources */,
				A912BA2F2CF7F27C00DF169C /* ProfileDetailViewController.swift in Sources */,
				A912BA302CF7F27C00DF169C /* ProfileDetail.swift in Sources */,
				A912BA312CF7F27C00DF169C /* ProfileEdition.swift in Sources */,
				A90EAE622CF7FF3300AA05FD /* UpdateProfileReminder.swift in Sources */,
				A9657E2D2CD44D3500ED9945 /* SceneDelegate.swift in Sources */,
				A912BAB52CF7F4DE00DF169C /* MenuView.swift in Sources */,
				A912BAA32CF7F4AD00DF169C /* HomeScreenView.swift in Sources */,
				A90EAE602CF7FA0E00AA05FD /* LocationManager.swift in Sources */,
				A90EAE642CF81ADB00AA05FD /* PhotoManager.swift in Sources */,
				A912BAA42CF7F4AD00DF169C /* ExperienceTableViewCell.swift in Sources */,
				A912BAA52CF7F4AD00DF169C /* HomeScreenViewController.swift in Sources */,
			);
			runOnlyForDeploymentPostprocessing = 0;
		};
		A9657E392CD44D3600ED9945 /* Sources */ = {
			isa = PBXSourcesBuildPhase;
			buildActionMask = 2147483647;
			files = (
				A9657E422CD44D3600ED9945 /* EATARTests.swift in Sources */,
			);
			runOnlyForDeploymentPostprocessing = 0;
		};
		A9657E432CD44D3700ED9945 /* Sources */ = {
			isa = PBXSourcesBuildPhase;
			buildActionMask = 2147483647;
			files = (
				A9657E4E2CD44D3700ED9945 /* EATARUITestsLaunchTests.swift in Sources */,
				A9657E4C2CD44D3700ED9945 /* EATARUITests.swift in Sources */,
			);
			runOnlyForDeploymentPostprocessing = 0;
		};
/* End PBXSourcesBuildPhase section */

/* Begin PBXTargetDependency section */
		A9657E3F2CD44D3600ED9945 /* PBXTargetDependency */ = {
			isa = PBXTargetDependency;
			target = A9657E262CD44D3500ED9945 /* EATAR */;
			targetProxy = A9657E3E2CD44D3600ED9945 /* PBXContainerItemProxy */;
		};
		A9657E492CD44D3700ED9945 /* PBXTargetDependency */ = {
			isa = PBXTargetDependency;
			target = A9657E262CD44D3500ED9945 /* EATAR */;
			targetProxy = A9657E482CD44D3700ED9945 /* PBXContainerItemProxy */;
		};
/* End PBXTargetDependency section */

/* Begin PBXVariantGroup section */
		A912BA972CF7F49500DF169C /* LaunchScreen.storyboard */ = {
			isa = PBXVariantGroup;
			children = (
				A912BA962CF7F49500DF169C /* Base */,
			);
			name = LaunchScreen.storyboard;
			sourceTree = "<group>";
		};
		A912BA992CF7F49500DF169C /* Main.storyboard */ = {
			isa = PBXVariantGroup;
			children = (
				A912BA982CF7F49500DF169C /* Base */,
			);
			name = Main.storyboard;
			sourceTree = "<group>";
		};
		A9657E302CD44D3500ED9945 /* Main.storyboard */ = {
			isa = PBXVariantGroup;
			children = (
				A9657E312CD44D3500ED9945 /* Base */,
			);
			name = Main.storyboard;
			sourceTree = "<group>";
		};
		A9657E352CD44D3600ED9945 /* LaunchScreen.storyboard */ = {
			isa = PBXVariantGroup;
			children = (
				A9657E362CD44D3600ED9945 /* Base */,
			);
			name = LaunchScreen.storyboard;
			sourceTree = "<group>";
		};
/* End PBXVariantGroup section */

/* Begin XCBuildConfiguration section */
		A9657E4F2CD44D3700ED9945 /* Debug */ = {
			isa = XCBuildConfiguration;
			buildSettings = {
				ALWAYS_SEARCH_USER_PATHS = NO;
				ASSETCATALOG_COMPILER_GENERATE_SWIFT_ASSET_SYMBOL_EXTENSIONS = YES;
				CLANG_ANALYZER_NONNULL = YES;
				CLANG_ANALYZER_NUMBER_OBJECT_CONVERSION = YES_AGGRESSIVE;
				CLANG_CXX_LANGUAGE_STANDARD = "gnu++20";
				CLANG_ENABLE_MODULES = YES;
				CLANG_ENABLE_OBJC_ARC = YES;
				CLANG_ENABLE_OBJC_WEAK = YES;
				CLANG_WARN_BLOCK_CAPTURE_AUTORELEASING = YES;
				CLANG_WARN_BOOL_CONVERSION = YES;
				CLANG_WARN_COMMA = YES;
				CLANG_WARN_CONSTANT_CONVERSION = YES;
				CLANG_WARN_DEPRECATED_OBJC_IMPLEMENTATIONS = YES;
				CLANG_WARN_DIRECT_OBJC_ISA_USAGE = YES_ERROR;
				CLANG_WARN_DOCUMENTATION_COMMENTS = YES;
				CLANG_WARN_EMPTY_BODY = YES;
				CLANG_WARN_ENUM_CONVERSION = YES;
				CLANG_WARN_INFINITE_RECURSION = YES;
				CLANG_WARN_INT_CONVERSION = YES;
				CLANG_WARN_NON_LITERAL_NULL_CONVERSION = YES;
				CLANG_WARN_OBJC_IMPLICIT_RETAIN_SELF = YES;
				CLANG_WARN_OBJC_LITERAL_CONVERSION = YES;
				CLANG_WARN_OBJC_ROOT_CLASS = YES_ERROR;
				CLANG_WARN_QUOTED_INCLUDE_IN_FRAMEWORK_HEADER = YES;
				CLANG_WARN_RANGE_LOOP_ANALYSIS = YES;
				CLANG_WARN_STRICT_PROTOTYPES = YES;
				CLANG_WARN_SUSPICIOUS_MOVE = YES;
				CLANG_WARN_UNGUARDED_AVAILABILITY = YES_AGGRESSIVE;
				CLANG_WARN_UNREACHABLE_CODE = YES;
				CLANG_WARN__DUPLICATE_METHOD_MATCH = YES;
				COPY_PHASE_STRIP = NO;
				DEBUG_INFORMATION_FORMAT = dwarf;
				ENABLE_STRICT_OBJC_MSGSEND = YES;
				ENABLE_TESTABILITY = YES;
				ENABLE_USER_SCRIPT_SANDBOXING = YES;
				GCC_C_LANGUAGE_STANDARD = gnu17;
				GCC_DYNAMIC_NO_PIC = NO;
				GCC_NO_COMMON_BLOCKS = YES;
				GCC_OPTIMIZATION_LEVEL = 0;
				GCC_PREPROCESSOR_DEFINITIONS = (
					"DEBUG=1",
					"$(inherited)",
				);
				GCC_WARN_64_TO_32_BIT_CONVERSION = YES;
				GCC_WARN_ABOUT_RETURN_TYPE = YES_ERROR;
				GCC_WARN_UNDECLARED_SELECTOR = YES;
				GCC_WARN_UNINITIALIZED_AUTOS = YES_AGGRESSIVE;
				GCC_WARN_UNUSED_FUNCTION = YES;
				GCC_WARN_UNUSED_VARIABLE = YES;
				IPHONEOS_DEPLOYMENT_TARGET = 17.5;
				LOCALIZATION_PREFERS_STRING_CATALOGS = YES;
				MTL_ENABLE_DEBUG_INFO = INCLUDE_SOURCE;
				MTL_FAST_MATH = YES;
				ONLY_ACTIVE_ARCH = YES;
				SDKROOT = iphoneos;
				SWIFT_ACTIVE_COMPILATION_CONDITIONS = "DEBUG $(inherited)";
				SWIFT_OPTIMIZATION_LEVEL = "-Onone";
			};
			name = Debug;
		};
		A9657E502CD44D3700ED9945 /* Release */ = {
			isa = XCBuildConfiguration;
			buildSettings = {
				ALWAYS_SEARCH_USER_PATHS = NO;
				ASSETCATALOG_COMPILER_GENERATE_SWIFT_ASSET_SYMBOL_EXTENSIONS = YES;
				CLANG_ANALYZER_NONNULL = YES;
				CLANG_ANALYZER_NUMBER_OBJECT_CONVERSION = YES_AGGRESSIVE;
				CLANG_CXX_LANGUAGE_STANDARD = "gnu++20";
				CLANG_ENABLE_MODULES = YES;
				CLANG_ENABLE_OBJC_ARC = YES;
				CLANG_ENABLE_OBJC_WEAK = YES;
				CLANG_WARN_BLOCK_CAPTURE_AUTORELEASING = YES;
				CLANG_WARN_BOOL_CONVERSION = YES;
				CLANG_WARN_COMMA = YES;
				CLANG_WARN_CONSTANT_CONVERSION = YES;
				CLANG_WARN_DEPRECATED_OBJC_IMPLEMENTATIONS = YES;
				CLANG_WARN_DIRECT_OBJC_ISA_USAGE = YES_ERROR;
				CLANG_WARN_DOCUMENTATION_COMMENTS = YES;
				CLANG_WARN_EMPTY_BODY = YES;
				CLANG_WARN_ENUM_CONVERSION = YES;
				CLANG_WARN_INFINITE_RECURSION = YES;
				CLANG_WARN_INT_CONVERSION = YES;
				CLANG_WARN_NON_LITERAL_NULL_CONVERSION = YES;
				CLANG_WARN_OBJC_IMPLICIT_RETAIN_SELF = YES;
				CLANG_WARN_OBJC_LITERAL_CONVERSION = YES;
				CLANG_WARN_OBJC_ROOT_CLASS = YES_ERROR;
				CLANG_WARN_QUOTED_INCLUDE_IN_FRAMEWORK_HEADER = YES;
				CLANG_WARN_RANGE_LOOP_ANALYSIS = YES;
				CLANG_WARN_STRICT_PROTOTYPES = YES;
				CLANG_WARN_SUSPICIOUS_MOVE = YES;
				CLANG_WARN_UNGUARDED_AVAILABILITY = YES_AGGRESSIVE;
				CLANG_WARN_UNREACHABLE_CODE = YES;
				CLANG_WARN__DUPLICATE_METHOD_MATCH = YES;
				COPY_PHASE_STRIP = NO;
				DEBUG_INFORMATION_FORMAT = "dwarf-with-dsym";
				ENABLE_NS_ASSERTIONS = NO;
				ENABLE_STRICT_OBJC_MSGSEND = YES;
				ENABLE_USER_SCRIPT_SANDBOXING = YES;
				GCC_C_LANGUAGE_STANDARD = gnu17;
				GCC_NO_COMMON_BLOCKS = YES;
				GCC_WARN_64_TO_32_BIT_CONVERSION = YES;
				GCC_WARN_ABOUT_RETURN_TYPE = YES_ERROR;
				GCC_WARN_UNDECLARED_SELECTOR = YES;
				GCC_WARN_UNINITIALIZED_AUTOS = YES_AGGRESSIVE;
				GCC_WARN_UNUSED_FUNCTION = YES;
				GCC_WARN_UNUSED_VARIABLE = YES;
				IPHONEOS_DEPLOYMENT_TARGET = 17.5;
				LOCALIZATION_PREFERS_STRING_CATALOGS = YES;
				MTL_ENABLE_DEBUG_INFO = NO;
				MTL_FAST_MATH = YES;
				SDKROOT = iphoneos;
				SWIFT_COMPILATION_MODE = wholemodule;
				VALIDATE_PRODUCT = YES;
			};
			name = Release;
		};
		A9657E522CD44D3700ED9945 /* Debug */ = {
			isa = XCBuildConfiguration;
			baseConfigurationReference = 752CE158009287938DF39C39 /* Pods-EATAR.debug.xcconfig */;
			buildSettings = {
				ASSETCATALOG_COMPILER_APPICON_NAME = AppIcon;
				ASSETCATALOG_COMPILER_GLOBAL_ACCENT_COLOR_NAME = AccentColor;
				CODE_SIGN_STYLE = Automatic;
				CURRENT_PROJECT_VERSION = 1;
				ENABLE_USER_SCRIPT_SANDBOXING = NO;
				GENERATE_INFOPLIST_FILE = YES;
				INFOPLIST_FILE = EATAR/Info.plist;
				INFOPLIST_KEY_UIApplicationSupportsIndirectInputEvents = YES;
				INFOPLIST_KEY_UILaunchStoryboardName = LaunchScreen;
				INFOPLIST_KEY_UIMainStoryboardFile = Main;
				INFOPLIST_KEY_UISupportedInterfaceOrientations_iPad = "UIInterfaceOrientationPortrait UIInterfaceOrientationPortraitUpsideDown UIInterfaceOrientationLandscapeLeft UIInterfaceOrientationLandscapeRight";
				INFOPLIST_KEY_UISupportedInterfaceOrientations_iPhone = "UIInterfaceOrientationPortrait UIInterfaceOrientationLandscapeLeft UIInterfaceOrientationLandscapeRight";
				LD_RUNPATH_SEARCH_PATHS = (
					"$(inherited)",
					"@executable_path/Frameworks",
				);
				MARKETING_VERSION = 1.0;
				PRODUCT_BUNDLE_IDENTIFIER = com.eatar.EATAR;
				PRODUCT_NAME = "$(TARGET_NAME)";
				SWIFT_EMIT_LOC_STRINGS = YES;
				SWIFT_VERSION = 5.0;
				TARGETED_DEVICE_FAMILY = "1,2";
			};
			name = Debug;
		};
		A9657E532CD44D3700ED9945 /* Release */ = {
			isa = XCBuildConfiguration;
			baseConfigurationReference = 1A256E711AB0421BE9357017 /* Pods-EATAR.release.xcconfig */;
			buildSettings = {
				ASSETCATALOG_COMPILER_APPICON_NAME = AppIcon;
				ASSETCATALOG_COMPILER_GLOBAL_ACCENT_COLOR_NAME = AccentColor;
				CODE_SIGN_STYLE = Automatic;
				CURRENT_PROJECT_VERSION = 1;
				ENABLE_USER_SCRIPT_SANDBOXING = NO;
				GENERATE_INFOPLIST_FILE = YES;
				INFOPLIST_FILE = EATAR/Info.plist;
				INFOPLIST_KEY_UIApplicationSupportsIndirectInputEvents = YES;
				INFOPLIST_KEY_UILaunchStoryboardName = LaunchScreen;
				INFOPLIST_KEY_UIMainStoryboardFile = Main;
				INFOPLIST_KEY_UISupportedInterfaceOrientations_iPad = "UIInterfaceOrientationPortrait UIInterfaceOrientationPortraitUpsideDown UIInterfaceOrientationLandscapeLeft UIInterfaceOrientationLandscapeRight";
				INFOPLIST_KEY_UISupportedInterfaceOrientations_iPhone = "UIInterfaceOrientationPortrait UIInterfaceOrientationLandscapeLeft UIInterfaceOrientationLandscapeRight";
				LD_RUNPATH_SEARCH_PATHS = (
					"$(inherited)",
					"@executable_path/Frameworks",
				);
				MARKETING_VERSION = 1.0;
				PRODUCT_BUNDLE_IDENTIFIER = com.eatar.EATAR;
				PRODUCT_NAME = "$(TARGET_NAME)";
				SWIFT_EMIT_LOC_STRINGS = YES;
				SWIFT_VERSION = 5.0;
				TARGETED_DEVICE_FAMILY = "1,2";
			};
			name = Release;
		};
		A9657E552CD44D3700ED9945 /* Debug */ = {
			isa = XCBuildConfiguration;
			baseConfigurationReference = F6129BE2B0E243EBFB1B0C70 /* Pods-EATARTests.debug.xcconfig */;
			buildSettings = {
				ALWAYS_EMBED_SWIFT_STANDARD_LIBRARIES = YES;
				BUNDLE_LOADER = "$(TEST_HOST)";
				CODE_SIGN_STYLE = Automatic;
				CURRENT_PROJECT_VERSION = 1;
				GENERATE_INFOPLIST_FILE = YES;
				IPHONEOS_DEPLOYMENT_TARGET = 17.5;
				MARKETING_VERSION = 1.0;
				PRODUCT_BUNDLE_IDENTIFIER = com.eatar.EATARTests;
				PRODUCT_NAME = "$(TARGET_NAME)";
				SWIFT_EMIT_LOC_STRINGS = NO;
				SWIFT_VERSION = 5.0;
				TARGETED_DEVICE_FAMILY = "1,2";
				TEST_HOST = "$(BUILT_PRODUCTS_DIR)/EATAR.app/$(BUNDLE_EXECUTABLE_FOLDER_PATH)/EATAR";
			};
			name = Debug;
		};
		A9657E562CD44D3700ED9945 /* Release */ = {
			isa = XCBuildConfiguration;
			baseConfigurationReference = D114D38FAB85FD087E78EB37 /* Pods-EATARTests.release.xcconfig */;
			buildSettings = {
				ALWAYS_EMBED_SWIFT_STANDARD_LIBRARIES = YES;
				BUNDLE_LOADER = "$(TEST_HOST)";
				CODE_SIGN_STYLE = Automatic;
				CURRENT_PROJECT_VERSION = 1;
				GENERATE_INFOPLIST_FILE = YES;
				IPHONEOS_DEPLOYMENT_TARGET = 17.5;
				MARKETING_VERSION = 1.0;
				PRODUCT_BUNDLE_IDENTIFIER = com.eatar.EATARTests;
				PRODUCT_NAME = "$(TARGET_NAME)";
				SWIFT_EMIT_LOC_STRINGS = NO;
				SWIFT_VERSION = 5.0;
				TARGETED_DEVICE_FAMILY = "1,2";
				TEST_HOST = "$(BUILT_PRODUCTS_DIR)/EATAR.app/$(BUNDLE_EXECUTABLE_FOLDER_PATH)/EATAR";
			};
			name = Release;
		};
		A9657E582CD44D3700ED9945 /* Debug */ = {
			isa = XCBuildConfiguration;
			baseConfigurationReference = DF1F5E7C8934A6CD423BB718 /* Pods-EATAR-EATARUITests.debug.xcconfig */;
			buildSettings = {
				ALWAYS_EMBED_SWIFT_STANDARD_LIBRARIES = YES;
				CODE_SIGN_STYLE = Automatic;
				CURRENT_PROJECT_VERSION = 1;
				GENERATE_INFOPLIST_FILE = YES;
				MARKETING_VERSION = 1.0;
				PRODUCT_BUNDLE_IDENTIFIER = com.eatar.EATARUITests;
				PRODUCT_NAME = "$(TARGET_NAME)";
				SWIFT_EMIT_LOC_STRINGS = NO;
				SWIFT_VERSION = 5.0;
				TARGETED_DEVICE_FAMILY = "1,2";
				TEST_TARGET_NAME = EATAR;
			};
			name = Debug;
		};
		A9657E592CD44D3700ED9945 /* Release */ = {
			isa = XCBuildConfiguration;
			baseConfigurationReference = 3494C0011A27BE997AB80AE1 /* Pods-EATAR-EATARUITests.release.xcconfig */;
			buildSettings = {
				ALWAYS_EMBED_SWIFT_STANDARD_LIBRARIES = YES;
				CODE_SIGN_STYLE = Automatic;
				CURRENT_PROJECT_VERSION = 1;
				GENERATE_INFOPLIST_FILE = YES;
				MARKETING_VERSION = 1.0;
				PRODUCT_BUNDLE_IDENTIFIER = com.eatar.EATARUITests;
				PRODUCT_NAME = "$(TARGET_NAME)";
				SWIFT_EMIT_LOC_STRINGS = NO;
				SWIFT_VERSION = 5.0;
				TARGETED_DEVICE_FAMILY = "1,2";
				TEST_TARGET_NAME = EATAR;
			};
			name = Release;
		};
/* End XCBuildConfiguration section */

/* Begin XCConfigurationList section */
		A9657E222CD44D3400ED9945 /* Build configuration list for PBXProject "EATAR" */ = {
			isa = XCConfigurationList;
			buildConfigurations = (
				A9657E4F2CD44D3700ED9945 /* Debug */,
				A9657E502CD44D3700ED9945 /* Release */,
			);
			defaultConfigurationIsVisible = 0;
			defaultConfigurationName = Release;
		};
		A9657E512CD44D3700ED9945 /* Build configuration list for PBXNativeTarget "EATAR" */ = {
			isa = XCConfigurationList;
			buildConfigurations = (
				A9657E522CD44D3700ED9945 /* Debug */,
				A9657E532CD44D3700ED9945 /* Release */,
			);
			defaultConfigurationIsVisible = 0;
			defaultConfigurationName = Release;
		};
		A9657E542CD44D3700ED9945 /* Build configuration list for PBXNativeTarget "EATARTests" */ = {
			isa = XCConfigurationList;
			buildConfigurations = (
				A9657E552CD44D3700ED9945 /* Debug */,
				A9657E562CD44D3700ED9945 /* Release */,
			);
			defaultConfigurationIsVisible = 0;
			defaultConfigurationName = Release;
		};
		A9657E572CD44D3700ED9945 /* Build configuration list for PBXNativeTarget "EATARUITests" */ = {
			isa = XCConfigurationList;
			buildConfigurations = (
				A9657E582CD44D3700ED9945 /* Debug */,
				A9657E592CD44D3700ED9945 /* Release */,
			);
			defaultConfigurationIsVisible = 0;
			defaultConfigurationName = Release;
		};
/* End XCConfigurationList section */

/* Begin XCRemoteSwiftPackageReference section */
		6C59D7492CF2D6A3005A1CDD /* XCRemoteSwiftPackageReference "firebase-ios-sdk" */ = {
			isa = XCRemoteSwiftPackageReference;
			repositoryURL = "https://github.com/firebase/firebase-ios-sdk";
			requirement = {
				kind = upToNextMajorVersion;
				minimumVersion = 11.5.0;
			};
		};
/* End XCRemoteSwiftPackageReference section */

/* Begin XCSwiftPackageProductDependency section */
		6C59D74A2CF2D6A3005A1CDD /* FirebaseAuth */ = {
			isa = XCSwiftPackageProductDependency;
			package = 6C59D7492CF2D6A3005A1CDD /* XCRemoteSwiftPackageReference "firebase-ios-sdk" */;
			productName = FirebaseAuth;
		};
		6C59D74C2CF2D6A3005A1CDD /* FirebaseCore */ = {
			isa = XCSwiftPackageProductDependency;
			package = 6C59D7492CF2D6A3005A1CDD /* XCRemoteSwiftPackageReference "firebase-ios-sdk" */;
			productName = FirebaseCore;
		};
		6C59D74E2CF2D6A3005A1CDD /* FirebaseFirestore */ = {
			isa = XCSwiftPackageProductDependency;
			package = 6C59D7492CF2D6A3005A1CDD /* XCRemoteSwiftPackageReference "firebase-ios-sdk" */;
			productName = FirebaseFirestore;
		};
/* End XCSwiftPackageProductDependency section */
	};
	rootObject = A9657E1F2CD44D3400ED9945 /* Project object */;
}
